
Microsoft Visual Studio Solution File, Format Version 12.00
# Visual Studio Version 16
VisualStudioVersion = 16.0.31019.35
MinimumVisualStudioVersion = 10.0.40219.1
Project("{9A19103F-16F7-4668-BE54-9A1E7A4F7556}") = "LBMAutoPause", "LBMAutoPause.csproj", "{F63F4EC9-4531-4226-B41A-E431E330BC4D}"
EndProject
Global
	GlobalSection(SolutionConfigurationPlatforms) = preSolution
		Debug|Any CPU = Debug|Any CPU
		Release|Any CPU = Release|Any CPU
	EndGlobalSection
	GlobalSection(ProjectConfigurationPlatforms) = postSolution
		{F63F4EC9-4531-4226-B41A-E431E330BC4D}.Debug|Any CPU.ActiveCfg = Debug|Any CPU
		{F63F4EC9-4531-4226-B41A-E431E330BC4D}.Debug|Any CPU.Build.0 = Debug|Any CPU
		{F63F4EC9-4531-4226-B41A-E431E330BC4D}.Release|Any CPU.ActiveCfg = Release|Any CPU
		{F63F4EC9-4531-4226-B41A-E431E330BC4D}.Release|Any CPU.Build.0 = Release|Any CPU
	EndGlobalSection
	GlobalSection(SolutionProperties) = preSolution
		HideSolutionNode = FALSE
	EndGlobalSection
	GlobalSection(ExtensibilityGlobals) = postSolution
		SolutionGuid = {E5D2034D-4357-4A20-8F22-FCBEE2C42164}
	EndGlobalSection
EndGlobal
